// !$*UTF8*$!
{
	archiveVersion = 1;
	classes = {
	};
	objectVersion = 46;
	objects = {

/* Begin PBXBuildFile section */
		52884FE81DD5AF55009C953B /* AppDelegate.swift in Sources */ = {isa = PBXBuildFile; fileRef = 52884FE71DD5AF55009C953B /* AppDelegate.swift */; };
		52884FEA1DD5AF55009C953B /* ViewController.swift in Sources */ = {isa = PBXBuildFile; fileRef = 52884FE91DD5AF55009C953B /* ViewController.swift */; };
		52884FED1DD5AF55009C953B /* Main.storyboard in Resources */ = {isa = PBXBuildFile; fileRef = 52884FEB1DD5AF55009C953B /* Main.storyboard */; };
		52884FEF1DD5AF55009C953B /* Assets.xcassets in Resources */ = {isa = PBXBuildFile; fileRef = 52884FEE1DD5AF55009C953B /* Assets.xcassets */; };
		52884FF21DD5AF55009C953B /* LaunchScreen.storyboard in Resources */ = {isa = PBXBuildFile; fileRef = 52884FF01DD5AF55009C953B /* LaunchScreen.storyboard */; };
/* End PBXBuildFile section */

/* Begin PBXFileReference section */
		52884FE41DD5AF55009C953B /* MoneyManager.app */ = {isa = PBXFileReference; explicitFileType = wrapper.application; includeInIndex = 0; path = MoneyManager.app; sourceTree = BUILT_PRODUCTS_DIR; };
		52884FE71DD5AF55009C953B /* AppDelegate.swift */ = {isa = PBXFileReference; lastKnownFileType = sourcecode.swift; path = AppDelegate.swift; sourceTree = "<group>"; };
		52884FE91DD5AF55009C953B /* ViewController.swift */ = {isa = PBXFileReference; lastKnownFileType = sourcecode.swift; path = ViewController.swift; sourceTree = "<group>"; };
		52884FEC1DD5AF55009C953B /* Base */ = {isa = PBXFileReference; lastKnownFileType = file.storyboard; name = Base; path = Base.lproj/Main.storyboard; sourceTree = "<group>"; };
		52884FEE1DD5AF55009C953B /* Assets.xcassets */ = {isa = PBXFileReference; lastKnownFileType = folder.assetcatalog; path = Assets.xcassets; sourceTree = "<group>"; };
		52884FF11DD5AF55009C953B /* Base */ = {isa = PBXFileReference; lastKnownFileType = file.storyboard; name = Base; path = Base.lproj/LaunchScreen.storyboard; sourceTree = "<group>"; };
		52884FF31DD5AF55009C953B /* Info.plist */ = {isa = PBXFileReference; lastKnownFileType = text.plist.xml; path = Info.plist; sourceTree = "<group>"; };
/* End PBXFileReference section */

/* Begin PBXFrameworksBuildPhase section */
		52884FE11DD5AF55009C953B /* Frameworks */ = {
			isa = PBXFrameworksBuildPhase;
			buildActionMask = 2147483647;
			files = (
			);
			runOnlyForDeploymentPostprocessing = 0;
		};
/* End PBXFrameworksBuildPhase section */

/* Begin PBXGroup section */
		52884FDB1DD5AF55009C953B = {
			isa = PBXGroup;
			children = (
				52884FE61DD5AF55009C953B /* MoneyManager */,
				52884FE51DD5AF55009C953B /* Products */,
			);
			sourceTree = "<group>";
		};
		52884FE51DD5AF55009C953B /* Products */ = {
			isa = PBXGroup;
			children = (
				52884FE41DD5AF55009C953B /* MoneyManager.app */,
			);
			name = Products;
			sourceTree = "<group>";
		};
		52884FE61DD5AF55009C953B /* MoneyManager */ = {
			isa = PBXGroup;
			children = (
				52884FE71DD5AF55009C953B /* AppDelegate.swift */,
				52884FE91DD5AF55009C953B /* ViewController.swift */,
				52884FEB1DD5AF55009C953B /* Main.storyboard */,
				52884FEE1DD5AF55009C953B /* Assets.xcassets */,
				52884FF01DD5AF55009C953B /* LaunchScreen.storyboard */,
				52884FF31DD5AF55009C953B /* Info.plist */,
			);
			path = MoneyManager;
			sourceTree = "<group>";
		};
/* End PBXGroup section */

/* Begin PBXNativeTarget section */
		52884FE31DD5AF55009C953B /* MoneyManager */ = {
			isa = PBXNativeTarget;
			buildConfigurationList = 52884FF61DD5AF55009C953B /* Build configuration list for PBXNativeTarget "MoneyManager" */;
			buildPhases = (
				52884FE01DD5AF55009C953B /* Sources */,
				52884FE11DD5AF55009C953B /* Frameworks */,
				52884FE21DD5AF55009C953B /* Resources */,
			);
			buildRules = (
			);
			dependencies = (
			);
			name = MoneyManager;
			productName = MoneyManager;
			productReference = 52884FE41DD5AF55009C953B /* MoneyManager.app */;
			productType = "com.apple.product-type.application";
		};
/* End PBXNativeTarget section */

/* Begin PBXProject section */
		52884FDC1DD5AF55009C953B /* Project object */ = {
			isa = PBXProject;
			attributes = {
				LastSwiftUpdateCheck = 0800;
				LastUpgradeCheck = 0800;
				ORGANIZATIONNAME = Lafree;
				TargetAttributes = {
					52884FE31DD5AF55009C953B = {
						CreatedOnToolsVersion = 8.0;
						DevelopmentTeam = 872222P98D;
						ProvisioningStyle = Automatic;
					};
				};
			};
			buildConfigurationList = 52884FDF1DD5AF55009C953B /* Build configuration list for PBXProject "MoneyManager" */;
			compatibilityVersion = "Xcode 3.2";
			developmentRegion = English;
			hasScannedForEncodings = 0;
			knownRegions = (
				en,
				Base,
			);
			mainGroup = 52884FDB1DD5AF55009C953B;
			productRefGroup = 52884FE51DD5AF55009C953B /* Products */;
			projectDirPath = "";
			projectRoot = "";
			targets = (
				52884FE31DD5AF55009C953B /* MoneyManager */,
			);
		};
/* End PBXProject section */

/* Begin PBXResourcesBuildPhase section */
		52884FE21DD5AF55009C953B /* Resources */ = {
			isa = PBXResourcesBuildPhase;
			buildActionMask = 2147483647;
			files = (
				52884FF21DD5AF55009C953B /* LaunchScreen.storyboard in Resources */,
				52884FEF1DD5AF55009C953B /* Assets.xcassets in Resources */,
				52884FED1DD5AF55009C953B /* Main.storyboard in Resources */,
			);
			runOnlyForDeploymentPostprocessing = 0;
		};
/* End PBXResourcesBuildPhase section */

/* Begin PBXSourcesBuildPhase section */
		52884FE01DD5AF55009C953B /* Sources */ = {
			isa = PBXSourcesBuildPhase;
			buildActionMask = 2147483647;
			files = (
				52884FEA1DD5AF55009C953B /* ViewController.swift in Sources */,
				52884FE81DD5AF55009C953B /* AppDelegate.swift in Sources */,
			);
			runOnlyForDeploymentPostprocessing = 0;
		};
/* End PBXSourcesBuildPhase section */

/* Begin PBXVariantGroup section */
		52884FEB1DD5AF55009C953B /* Main.storyboard */ = {
			isa = PBXVariantGroup;
			children = (
				52884FEC1DD5AF55009C953B /* Base */,
			);
			name = Main.storyboard;
			sourceTree = "<group>";
		};
		52884FF01DD5AF55009C953B /* LaunchScreen.storyboard */ = {
			isa = PBXVariantGroup;
			children = (
				52884FF11DD5AF55009C953B /* Base */,
			);
			name = LaunchScreen.storyboard;
			sourceTree = "<group>";
		};
/* End PBXVariantGroup section */

/* Begin XCBuildConfiguration section */
		52884FF41DD5AF55009C953B /* Debug */ = {
			isa = XCBuildConfiguration;
			buildSettings = {
				ALWAYS_SEARCH_USER_PATHS = NO;
				CLANG_ANALYZER_NONNULL = YES;
				CLANG_CXX_LANGUAGE_STANDARD = "gnu++0x";
				CLANG_CXX_LIBRARY = "libc++";
				CLANG_ENABLE_MODULES = YES;
				CLANG_ENABLE_OBJC_ARC = YES;
				CLANG_WARN_BOOL_CONVERSION = YES;
				CLANG_WARN_CONSTANT_CONVERSION = YES;
				CLANG_WARN_DIRECT_OBJC_ISA_USAGE = YES_ERROR;
				CLANG_WARN_DOCUMENTATION_COMMENTS = YES;
				CLANG_WARN_EMPTY_BODY = YES;
				CLANG_WARN_ENUM_CONVERSION = YES;
				CLANG_WARN_INFINITE_RECURSION = YES;
				CLANG_WARN_INT_CONVERSION = YES;
				CLANG_WARN_OBJC_ROOT_CLASS = YES_ERROR;
				CLANG_WARN_SUSPICIOUS_MOVES = YES;
				CLANG_WARN_UNREACHABLE_CODE = YES;
				CLANG_WARN__DUPLICATE_METHOD_MATCH = YES;
				"CODE_SIGN_IDENTITY[sdk=iphoneos*]" = "iPhone Developer";
				COPY_PHASE_STRIP = NO;
				DEBUG_INFORMATION_FORMAT = dwarf;
				ENABLE_STRICT_OBJC_MSGSEND = YES;
				ENABLE_TESTABILITY = YES;
				GCC_C_LANGUAGE_STANDARD = gnu99;
				GCC_DYNAMIC_NO_PIC = NO;
				GCC_NO_COMMON_BLOCKS = YES;
				GCC_OPTIMIZATION_LEVEL = 0;
				GCC_PREPROCESSOR_DEFINITIONS = (
					"DEBUG=1",
					"$(inherited)",
				);
				GCC_WARN_64_TO_32_BIT_CONVERSION = YES;
				GCC_WARN_ABOUT_RETURN_TYPE = YES_ERROR;
				GCC_WARN_UNDECLARED_SELECTOR = YES;
				GCC_WARN_UNINITIALIZED_AUTOS = YES_AGGRESSIVE;
				GCC_WARN_UNUSED_FUNCTION = YES;
				GCC_WARN_UNUSED_VARIABLE = YES;
				IPHONEOS_DEPLOYMENT_TARGET = 10.0;
				MTL_ENABLE_DEBUG_INFO = YES;
				ONLY_ACTIVE_ARCH = YES;
				SDKROOT = iphoneos;
				SWIFT_ACTIVE_COMPILATION_CONDITIONS = DEBUG;
				SWIFT_OPTIMIZATION_LEVEL = "-Onone";
			};
			name = Debug;
		};
		52884FF51DD5AF55009C953B /* Release */ = {
			isa = XCBuildConfiguration;
			buildSettings = {
				ALWAYS_SEARCH_USER_PATHS = NO;
				CLANG_ANALYZER_NONNULL = YES;
				CLANG_CXX_LANGUAGE_STANDARD = "gnu++0x";
				CLANG_CXX_LIBRARY = "libc++";
				CLANG_ENABLE_MODULES = YES;
				CLANG_ENABLE_OBJC_ARC = YES;
				CLANG_WARN_BOOL_CONVERSION = YES;
				CLANG_WARN_CONSTANT_CONVERSION = YES;
				CLANG_WARN_DIRECT_OBJC_ISA_USAGE = YES_ERROR;
				CLANG_WARN_DOCUMENTATION_COMMENTS = YES;
				CLANG_WARN_EMPTY_BODY = YES;
				CLANG_WARN_ENUM_CONVERSION = YES;
				CLANG_WARN_INFINITE_RECURSION = YES;
				CLANG_WARN_INT_CONVERSION = YES;
				CLANG_WARN_OBJC_ROOT_CLASS = YES_ERROR;
				CLANG_WARN_SUSPICIOUS_MOVES = YES;
				CLANG_WARN_UNREACHABLE_CODE = YES;
				CLANG_WARN__DUPLICATE_METHOD_MATCH = YES;
				"CODE_SIGN_IDENTITY[sdk=iphoneos*]" = "iPhone Developer";
				COPY_PHASE_STRIP = NO;
				DEBUG_INFORMATION_FORMAT = "dwarf-with-dsym";
				ENABLE_NS_ASSERTIONS = NO;
				ENABLE_STRICT_OBJC_MSGSEND = YES;
				GCC_C_LANGUAGE_STANDARD = gnu99;
				GCC_NO_COMMON_BLOCKS = YES;
				GCC_WARN_64_TO_32_BIT_CONVERSION = YES;
				GCC_WARN_ABOUT_RETURN_TYPE = YES_ERROR;
				GCC_WARN_UNDECLARED_SELECTOR = YES;
				GCC_WARN_UNINITIALIZED_AUTOS = YES_AGGRESSIVE;
				GCC_WARN_UNUSED_FUNCTION = YES;
				GCC_WARN_UNUSED_VARIABLE = YES;
				IPHONEOS_DEPLOYMENT_TARGET = 10.0;
				MTL_ENABLE_DEBUG_INFO = NO;
				SDKROOT = iphoneos;
				SWIFT_OPTIMIZATION_LEVEL = "-Owholemodule";
				VALIDATE_PRODUCT = YES;
			};
			name = Release;
		};
		52884FF71DD5AF55009C953B /* Debug */ = {
			isa = XCBuildConfiguration;
			buildSettings = {
				ASSETCATALOG_COMPILER_APPICON_NAME = AppIcon;
				DEVELOPMENT_TEAM = 872222P98D;
				INFOPLIST_FILE = MoneyManager/Info.plist;
				LD_RUNPATH_SEARCH_PATHS = "$(inherited) @executable_path/Frameworks";
				PRODUCT_BUNDLE_IDENTIFIER = com.Lafree.www.MoneyManager;
				PRODUCT_NAME = "$(TARGET_NAME)";
				SWIFT_VERSION = 3.0;
			};
			name = Debug;
		};
		52884FF81DD5AF55009C953B /* Release */ = {
			isa = XCBuildConfiguration;
			buildSettings = {
				ASSETCATALOG_COMPILER_APPICON_NAME = AppIcon;
				DEVELOPMENT_TEAM = 872222P98D;
				INFOPLIST_FILE = MoneyManager/Info.plist;
				LD_RUNPATH_SEARCH_PATHS = "$(inherited) @executable_path/Frameworks";
				PRODUCT_BUNDLE_IDENTIFIER = com.Lafree.www.MoneyManager;
				PRODUCT_NAME = "$(TARGET_NAME)";
				SWIFT_VERSION = 3.0;
			};
			name = Release;
		};
/* End XCBuildConfiguration section */

/* Begin XCConfigurationList section */
		52884FDF1DD5AF55009C953B /* Build configuration list for PBXProject "MoneyManager" */ = {
			isa = XCConfigurationList;
			buildConfigurations = (
				52884FF41DD5AF55009C953B /* Debug */,
				52884FF51DD5AF55009C953B /* Release */,
			);
			defaultConfigurationIsVisible = 0;
			defaultConfigurationName = Release;
		};
		52884FF61DD5AF55009C953B /* Build configuration list for PBXNativeTarget "MoneyManager" */ = {
			isa = XCConfigurationList;
			buildConfigurations = (
				52884FF71DD5AF55009C953B /* Debug */,
				52884FF81DD5AF55009C953B /* Release */,
			);
			defaultConfigurationIsVisible = 0;
		};
/* End XCConfigurationList section */
	};
	rootObject = 52884FDC1DD5AF55009C953B /* Project object */;
}
